
Microsoft Visual Studio Solution File, Format Version 12.00
# Visual Studio Version 16
VisualStudioVersion = 16.0.30621.155
MinimumVisualStudioVersion = 10.0.40219.1
Project("{FAE04EC0-301F-11D3-BF4B-00C04F79EFBC}") = "potenciostato", "potenciostato.csproj", "{FAE8509F-FE95-493E-8DBF-339222193D29}"
EndProject
Global
	GlobalSection(SolutionConfigurationPlatforms) = preSolution
		Debug|Any CPU = Debug|Any CPU
		Release|Any CPU = Release|Any CPU
	EndGlobalSection
	GlobalSection(ProjectConfigurationPlatforms) = postSolution
		{FAE8509F-FE95-493E-8DBF-339222193D29}.Debug|Any CPU.ActiveCfg = Debug|Any CPU
		{FAE8509F-FE95-493E-8DBF-339222193D29}.Debug|Any CPU.Build.0 = Debug|Any CPU
		{FAE8509F-FE95-493E-8DBF-339222193D29}.Release|Any CPU.ActiveCfg = Release|Any CPU
		{FAE8509F-FE95-493E-8DBF-339222193D29}.Release|Any CPU.Build.0 = Release|Any CPU
	EndGlobalSection
	GlobalSection(SolutionProperties) = preSolution
		HideSolutionNode = FALSE
	EndGlobalSection
	GlobalSection(ExtensibilityGlobals) = postSolution
		SolutionGuid = {22D0EE94-B53E-4769-AA5C-A68B812C170F}
	EndGlobalSection
EndGlobal
